
Microsoft Visual Studio Solution File, Format Version 12.00
# Visual Studio Version 17
VisualStudioVersion = 17.3.32901.215
MinimumVisualStudioVersion = 10.0.40219.1
Project("{8BC9CEB8-8B4A-11D0-8D11-00A0C91BC942}") = "test7_20_34指针详解1", "test7_20_34指针详解1\test7_20_34指针详解1.vcxproj", "{055B1F9A-0CE4-4B2F-987A-2C4A7686EA5F}"
EndProject
Global
	GlobalSection(SolutionConfigurationPlatforms) = preSolution
		Debug|x64 = Debug|x64
		Debug|x86 = Debug|x86
		Release|x64 = Release|x64
		Release|x86 = Release|x86
	EndGlobalSection
	GlobalSection(ProjectConfigurationPlatforms) = postSolution
		{055B1F9A-0CE4-4B2F-987A-2C4A7686EA5F}.Debug|x64.ActiveCfg = Debug|x64
		{055B1F9A-0CE4-4B2F-987A-2C4A7686EA5F}.Debug|x64.Build.0 = Debug|x64
		{055B1F9A-0CE4-4B2F-987A-2C4A7686EA5F}.Debug|x86.ActiveCfg = Debug|Win32
		{055B1F9A-0CE4-4B2F-987A-2C4A7686EA5F}.Debug|x86.Build.0 = Debug|Win32
		{055B1F9A-0CE4-4B2F-987A-2C4A7686EA5F}.Release|x64.ActiveCfg = Release|x64
		{055B1F9A-0CE4-4B2F-987A-2C4A7686EA5F}.Release|x64.Build.0 = Release|x64
		{055B1F9A-0CE4-4B2F-987A-2C4A7686EA5F}.Release|x86.ActiveCfg = Release|Win32
		{055B1F9A-0CE4-4B2F-987A-2C4A7686EA5F}.Release|x86.Build.0 = Release|Win32
	EndGlobalSection
	GlobalSection(SolutionProperties) = preSolution
		HideSolutionNode = FALSE
	EndGlobalSection
	GlobalSection(ExtensibilityGlobals) = postSolution
		SolutionGuid = {10A8CA06-1B14-4B4A-A63A-E5F44B4B2108}
	EndGlobalSection
EndGlobal
